
Microsoft Visual Studio Solution File, Format Version 12.00
# Visual Studio Version 17
VisualStudioVersion = 17.5.002.0
MinimumVisualStudioVersion = 10.0.40219.1
Project("{2150E333-8FDC-42A3-9474-1A3956D46DE8}") = "test", "test", "{80946DED-5DBA-4CFB-A000-F59E80C4B1A3}"
EndProject
Project("{9A19103F-16F7-4668-BE54-9A1E7A4F7556}") = "ExemploFuncaoLambda.Tests", "test\ExemploFuncaoLambda.Tests\ExemploFuncaoLambda.Tests.csproj", "{BA013D3A-D201-4BA5-B251-47855F4204A5}"
EndProject
Project("{2150E333-8FDC-42A3-9474-1A3956D46DE8}") = "src", "src", "{3C676E4B-BD64-4849-B7BD-2E4B57746B25}"
EndProject
Project("{9A19103F-16F7-4668-BE54-9A1E7A4F7556}") = "ExemploFuncaoLambda", "src\ExemploFuncaoLambda\ExemploFuncaoLambda.csproj", "{05DCCCD8-5B2B-42AF-A781-E1EF98D37584}"
EndProject
Global
	GlobalSection(SolutionConfigurationPlatforms) = preSolution
		Debug|Any CPU = Debug|Any CPU
		Release|Any CPU = Release|Any CPU
	EndGlobalSection
	GlobalSection(ProjectConfigurationPlatforms) = postSolution
		{BA013D3A-D201-4BA5-B251-47855F4204A5}.Debug|Any CPU.ActiveCfg = Debug|Any CPU
		{BA013D3A-D201-4BA5-B251-47855F4204A5}.Debug|Any CPU.Build.0 = Debug|Any CPU
		{BA013D3A-D201-4BA5-B251-47855F4204A5}.Release|Any CPU.ActiveCfg = Release|Any CPU
		{BA013D3A-D201-4BA5-B251-47855F4204A5}.Release|Any CPU.Build.0 = Release|Any CPU
		{05DCCCD8-5B2B-42AF-A781-E1EF98D37584}.Debug|Any CPU.ActiveCfg = Debug|Any CPU
		{05DCCCD8-5B2B-42AF-A781-E1EF98D37584}.Debug|Any CPU.Build.0 = Debug|Any CPU
		{05DCCCD8-5B2B-42AF-A781-E1EF98D37584}.Release|Any CPU.ActiveCfg = Release|Any CPU
		{05DCCCD8-5B2B-42AF-A781-E1EF98D37584}.Release|Any CPU.Build.0 = Release|Any CPU
	EndGlobalSection
	GlobalSection(SolutionProperties) = preSolution
		HideSolutionNode = FALSE
	EndGlobalSection
	GlobalSection(NestedProjects) = preSolution
		{BA013D3A-D201-4BA5-B251-47855F4204A5} = {80946DED-5DBA-4CFB-A000-F59E80C4B1A3}
		{05DCCCD8-5B2B-42AF-A781-E1EF98D37584} = {3C676E4B-BD64-4849-B7BD-2E4B57746B25}
	EndGlobalSection
	GlobalSection(ExtensibilityGlobals) = postSolution
		SolutionGuid = {90CFBA4D-0601-49BB-8F37-85CA08E2E79D}
	EndGlobalSection
EndGlobal
